[[package]]
name = "nodrop"
version = "0.1.12"
dependencies = [
 "nodrop-union 0.1.9 (registry+https://github.com/rust-lang/crates.io-index)",
]

[[package]]
name = "nodrop-union"
version = "0.1.9"
source = "registry+https://github.com/rust-lang/crates.io-index"

[metadata]
"checksum nodrop-union 0.1.9 (registry+https://github.com/rust-lang/crates.io-index)" = "e31761704eb6a5f68237db6081e628ac8c3af34eb57fb27fcdea790f6685f01f"
