[[package]]
name = "traitobject"
version = "0.1.0"
source = "registry+https://github.com/rust-lang/crates.io-index"

[[package]]
name = "unsafe-any"
version = "0.4.2"
dependencies = [
 "traitobject 0.1.0 (registry+https://github.com/rust-lang/crates.io-index)",
]

[metadata]
"checksum traitobject 0.1.0 (registry+https://github.com/rust-lang/crates.io-index)" = "efd1f82c56340fdf16f2a953d7bda4f8fdffba13d93b00844c25572110b26079"
