[[package]]
name = "error"
version = "0.1.9"
dependencies = [
 "traitobject 0.1.0 (registry+https://github.com/rust-lang/crates.io-index)",
 "typeable 0.1.2 (registry+https://github.com/rust-lang/crates.io-index)",
]

[[package]]
name = "traitobject"
version = "0.1.0"
source = "registry+https://github.com/rust-lang/crates.io-index"

[[package]]
name = "typeable"
version = "0.1.2"
source = "registry+https://github.com/rust-lang/crates.io-index"

[metadata]
"checksum traitobject 0.1.0 (registry+https://github.com/rust-lang/crates.io-index)" = "efd1f82c56340fdf16f2a953d7bda4f8fdffba13d93b00844c25572110b26079"
"checksum typeable 0.1.2 (registry+https://github.com/rust-lang/crates.io-index)" = "1410f6f91f21d1612654e7cc69193b0334f909dcf2c790c4826254fbb86f8887"
