[[package]]
name = "cfg-if"
version = "0.1.6"
source = "registry+https://github.com/rust-lang/crates.io-index"

[[package]]
name = "dogged"
version = "0.2.0"
source = "registry+https://github.com/rust-lang/crates.io-index"

[[package]]
name = "ena"
version = "0.10.1"
dependencies = [
 "dogged 0.2.0 (registry+https://github.com/rust-lang/crates.io-index)",
 "log 0.4.6 (registry+https://github.com/rust-lang/crates.io-index)",
 "petgraph 0.4.13 (registry+https://github.com/rust-lang/crates.io-index)",
]

[[package]]
name = "fixedbitset"
version = "0.1.9"
source = "registry+https://github.com/rust-lang/crates.io-index"

[[package]]
name = "log"
version = "0.4.6"
source = "registry+https://github.com/rust-lang/crates.io-index"
dependencies = [
 "cfg-if 0.1.6 (registry+https://github.com/rust-lang/crates.io-index)",
]

[[package]]
name = "ordermap"
version = "0.3.5"
source = "registry+https://github.com/rust-lang/crates.io-index"

[[package]]
name = "petgraph"
version = "0.4.13"
source = "registry+https://github.com/rust-lang/crates.io-index"
dependencies = [
 "fixedbitset 0.1.9 (registry+https://github.com/rust-lang/crates.io-index)",
 "ordermap 0.3.5 (registry+https://github.com/rust-lang/crates.io-index)",
]

[metadata]
"checksum cfg-if 0.1.6 (registry+https://github.com/rust-lang/crates.io-index)" = "082bb9b28e00d3c9d39cc03e64ce4cea0f1bb9b3fde493f0cbc008472d22bdf4"
"checksum dogged 0.2.0 (registry+https://github.com/rust-lang/crates.io-index)" = "2638df109789fe360f0d9998c5438dd19a36678aaf845e46f285b688b1a1657a"
"checksum fixedbitset 0.1.9 (registry+https://github.com/rust-lang/crates.io-index)" = "86d4de0081402f5e88cdac65c8dcdcc73118c1a7a465e2a05f0da05843a8ea33"
"checksum log 0.4.6 (registry+https://github.com/rust-lang/crates.io-index)" = "c84ec4b527950aa83a329754b01dbe3f58361d1c5efacd1f6d68c494d08a17c6"
"checksum ordermap 0.3.5 (registry+https://github.com/rust-lang/crates.io-index)" = "a86ed3f5f244b372d6b1a00b72ef7f8876d0bc6a78a4c9985c53614041512063"
"checksum petgraph 0.4.13 (registry+https://github.com/rust-lang/crates.io-index)" = "9c3659d1ee90221741f65dd128d9998311b0e40c5d3c23a62445938214abce4f"
