[[package]]
name = "erased-serde"
version = "0.3.6"
source = "registry+https://github.com/rust-lang/crates.io-index"
dependencies = [
 "serde 1.0.80 (registry+https://github.com/rust-lang/crates.io-index)",
]

[[package]]
name = "serde"
version = "1.0.80"
source = "registry+https://github.com/rust-lang/crates.io-index"

[[package]]
name = "slog"
version = "2.4.1"
dependencies = [
 "erased-serde 0.3.6 (registry+https://github.com/rust-lang/crates.io-index)",
]

[metadata]
"checksum erased-serde 0.3.6 (registry+https://github.com/rust-lang/crates.io-index)" = "e030c95ae4adbadad4024871621e9910d8b156a61c4f83a885f28597b294b146"
"checksum serde 1.0.80 (registry+https://github.com/rust-lang/crates.io-index)" = "15c141fc7027dd265a47c090bf864cf62b42c4d228bbcf4e51a0c9e2b0d3f7ef"
