[[package]]
name = "regex-syntax"
version = "0.6.2"
dependencies = [
 "ucd-util 0.1.2 (registry+https://github.com/rust-lang/crates.io-index)",
]

[[package]]
name = "ucd-util"
version = "0.1.2"
source = "registry+https://github.com/rust-lang/crates.io-index"

[metadata]
"checksum ucd-util 0.1.2 (registry+https://github.com/rust-lang/crates.io-index)" = "d0f8bfa9ff0cadcd210129ad9d2c5f145c13e9ced3d3e5d948a6213487d52444"
