[[package]]
name = "futf"
version = "0.1.4"
dependencies = [
 "mac 0.1.1 (registry+https://github.com/rust-lang/crates.io-index)",
 "new_debug_unreachable 1.0.1 (registry+https://github.com/rust-lang/crates.io-index)",
]

[[package]]
name = "mac"
version = "0.1.1"
source = "registry+https://github.com/rust-lang/crates.io-index"

[[package]]
name = "new_debug_unreachable"
version = "1.0.1"
source = "registry+https://github.com/rust-lang/crates.io-index"
dependencies = [
 "unreachable 1.0.0 (registry+https://github.com/rust-lang/crates.io-index)",
]

[[package]]
name = "unreachable"
version = "1.0.0"
source = "registry+https://github.com/rust-lang/crates.io-index"
dependencies = [
 "void 1.0.2 (registry+https://github.com/rust-lang/crates.io-index)",
]

[[package]]
name = "void"
version = "1.0.2"
source = "registry+https://github.com/rust-lang/crates.io-index"

[metadata]
"checksum mac 0.1.1 (registry+https://github.com/rust-lang/crates.io-index)" = "c41e0c4fef86961ac6d6f8a82609f55f31b05e4fce149ac5710e439df7619ba4"
"checksum new_debug_unreachable 1.0.1 (registry+https://github.com/rust-lang/crates.io-index)" = "0cdc457076c78ab54d5e0d6fa7c47981757f1e34dc39ff92787f217dede586c4"
"checksum unreachable 1.0.0 (registry+https://github.com/rust-lang/crates.io-index)" = "382810877fe448991dfc7f0dd6e3ae5d58088fd0ea5e35189655f84e6814fa56"
"checksum void 1.0.2 (registry+https://github.com/rust-lang/crates.io-index)" = "6a02e4885ed3bc0f2de90ea6dd45ebcbb66dacffe03547fadbb0eeae2770887d"
