[[package]]
name = "rls-span"
version = "0.4.0"
source = "registry+https://github.com/rust-lang/crates.io-index"

[[package]]
name = "rls-vfs"
version = "0.6.0"
dependencies = [
 "rls-span 0.4.0 (registry+https://github.com/rust-lang/crates.io-index)",
]

[metadata]
"checksum rls-span 0.4.0 (registry+https://github.com/rust-lang/crates.io-index)" = "5d7c7046dc6a92f2ae02ed302746db4382e75131b9ce20ce967259f6b5867a6a"
