[[package]]
name = "blobby"
version = "0.1.1"
source = "registry+https://github.com/rust-lang/crates.io-index"
dependencies = [
 "byteorder 1.2.7 (registry+https://github.com/rust-lang/crates.io-index)",
]

[[package]]
name = "byteorder"
version = "1.2.7"
source = "registry+https://github.com/rust-lang/crates.io-index"

[[package]]
name = "crypto-mac"
version = "0.7.0"
dependencies = [
 "blobby 0.1.1 (registry+https://github.com/rust-lang/crates.io-index)",
 "generic-array 0.12.0 (registry+https://github.com/rust-lang/crates.io-index)",
 "subtle 1.0.0 (registry+https://github.com/rust-lang/crates.io-index)",
]

[[package]]
name = "generic-array"
version = "0.12.0"
source = "registry+https://github.com/rust-lang/crates.io-index"
dependencies = [
 "typenum 1.10.0 (registry+https://github.com/rust-lang/crates.io-index)",
]

[[package]]
name = "subtle"
version = "1.0.0"
source = "registry+https://github.com/rust-lang/crates.io-index"

[[package]]
name = "typenum"
version = "1.10.0"
source = "registry+https://github.com/rust-lang/crates.io-index"

[metadata]
"checksum blobby 0.1.1 (registry+https://github.com/rust-lang/crates.io-index)" = "548774d54e049b081e772e4f07e822e2b9b4b19c31586bcffedeb12914a0e3b1"
"checksum byteorder 1.2.7 (registry+https://github.com/rust-lang/crates.io-index)" = "94f88df23a25417badc922ab0f5716cc1330e87f71ddd9203b3a3ccd9cedf75d"
"checksum generic-array 0.12.0 (registry+https://github.com/rust-lang/crates.io-index)" = "3c0f28c2f5bfb5960175af447a2da7c18900693738343dc896ffbcabd9839592"
"checksum subtle 1.0.0 (registry+https://github.com/rust-lang/crates.io-index)" = "2d67a5a62ba6e01cb2192ff309324cb4875d0c451d55fe2319433abe7a05a8ee"
"checksum typenum 1.10.0 (registry+https://github.com/rust-lang/crates.io-index)" = "612d636f949607bdf9b123b4a6f6d966dedf3ff669f7f045890d3a4a73948169"
